{
  "name": "pixelize-template",
  "version": "1.0.0",
  "lockfileVersion": 1,
  "requires": true,
  "dependencies": {
    "pixelize-engine": {
      "version": "0.1.1",
      "resolved": "https://registry.npmjs.org/pixelize-engine/-/pixelize-engine-0.1.1.tgz",
      "integrity": "sha512-fu1m3jga/Gq3LUIbdy6LHTV3I2zgj1xJL8Lo5iizGP0oVgvZIq3zNJRfueCAYq3MCKQ24Kk9w4NlHO0muvsKqw=="
    }
  }
}
